{
  "name": "time-stamped-console-log",
  "version": "1.0.0",
  "lockfileVersion": 1,
  "requires": true,
  "dependencies": {
    "hours-minutes-seconds": {
      "version": "1.0.1",
      "resolved": "https://registry.npmjs.org/hours-minutes-seconds/-/hours-minutes-seconds-1.0.1.tgz",
      "integrity": "sha512-L/LoEYvPjVKGolg46DbThh2zzljTWnJ2954ZOOuydApltNp6V7/WsHFb7gjQ1r3nanc31PByEDjuODk1BCAASg=="
    }
  }
}
