{
  "name": "time-stamped-console-log",
  "version": "2.0.2",
  "lockfileVersion": 2,
  "requires": true,
  "packages": {
    "": {
      "name": "time-stamped-console-log",
      "version": "2.0.2",
      "license": "MIT",
      "dependencies": {
        "hours-minutes-seconds": "^2.0.1"
      }
    },
    "node_modules/hours-minutes-seconds": {
      "version": "2.0.1",
      "resolved": "https://registry.npmjs.org/hours-minutes-seconds/-/hours-minutes-seconds-2.0.1.tgz",
      "integrity": "sha512-OtzCaXkJ1Iiowk2NGaAqPOW8Jz0Rm7IID3P6T6ZWwo0cVOVFJrafurAHddzz8Tm5bJIHOHLvi6vhuLsWF9ixVw=="
    }
  },
  "dependencies": {
    "hours-minutes-seconds": {
      "version": "2.0.1",
      "resolved": "https://registry.npmjs.org/hours-minutes-seconds/-/hours-minutes-seconds-2.0.1.tgz",
      "integrity": "sha512-OtzCaXkJ1Iiowk2NGaAqPOW8Jz0Rm7IID3P6T6ZWwo0cVOVFJrafurAHddzz8Tm5bJIHOHLvi6vhuLsWF9ixVw=="
    }
  }
}
